
Microsoft Visual Studio Solution File, Format Version 12.00
# Visual Studio Version 17
VisualStudioVersion = 17.13.35931.197 d17.13
MinimumVisualStudioVersion = 10.0.40219.1
Project("{F184B08F-C81C-45F6-A57F-5ABD9991F28F}") = "ComputingInterest", "ComputingInterest\ComputingInterest.vbproj", "{38A3CECB-41BE-42D7-832C-B686F19DCDAC}"
EndProject
Global
	GlobalSection(SolutionConfigurationPlatforms) = preSolution
		Debug|Any CPU = Debug|Any CPU
		Release|Any CPU = Release|Any CPU
	EndGlobalSection
	GlobalSection(ProjectConfigurationPlatforms) = postSolution
		{38A3CECB-41BE-42D7-832C-B686F19DCDAC}.Debug|Any CPU.ActiveCfg = Debug|Any CPU
		{38A3CECB-41BE-42D7-832C-B686F19DCDAC}.Debug|Any CPU.Build.0 = Debug|Any CPU
		{38A3CECB-41BE-42D7-832C-B686F19DCDAC}.Release|Any CPU.ActiveCfg = Release|Any CPU
		{38A3CECB-41BE-42D7-832C-B686F19DCDAC}.Release|Any CPU.Build.0 = Release|Any CPU
	EndGlobalSection
	GlobalSection(SolutionProperties) = preSolution
		HideSolutionNode = FALSE
	EndGlobalSection
	GlobalSection(ExtensibilityGlobals) = postSolution
		SolutionGuid = {70119B16-EE0E-4CB5-B800-5CD9DB910039}
	EndGlobalSection
EndGlobal
