
Microsoft Visual Studio Solution File, Format Version 12.00
# Visual Studio Version 17
VisualStudioVersion = 17.2.33130.433
MinimumVisualStudioVersion = 10.0.40219.1
Project("{F184B08F-C81C-45F6-A57F-5ABD9991F28F}") = "DayAction", "DayAction\DayAction.vbproj", "{9B47A333-3B83-4F78-A0BE-C170B4F176CC}"
EndProject
Global
	GlobalSection(SolutionConfigurationPlatforms) = preSolution
		Debug|Any CPU = Debug|Any CPU
		Release|Any CPU = Release|Any CPU
	EndGlobalSection
	GlobalSection(ProjectConfigurationPlatforms) = postSolution
		{9B47A333-3B83-4F78-A0BE-C170B4F176CC}.Debug|Any CPU.ActiveCfg = Debug|Any CPU
		{9B47A333-3B83-4F78-A0BE-C170B4F176CC}.Debug|Any CPU.Build.0 = Debug|Any CPU
		{9B47A333-3B83-4F78-A0BE-C170B4F176CC}.Release|Any CPU.ActiveCfg = Release|Any CPU
		{9B47A333-3B83-4F78-A0BE-C170B4F176CC}.Release|Any CPU.Build.0 = Release|Any CPU
	EndGlobalSection
	GlobalSection(SolutionProperties) = preSolution
		HideSolutionNode = FALSE
	EndGlobalSection
	GlobalSection(ExtensibilityGlobals) = postSolution
		SolutionGuid = {1F0149F7-2A2A-4B03-8639-07C23E767C12}
	EndGlobalSection
EndGlobal
